
Microsoft Visual Studio Solution File, Format Version 12.00
# Visual Studio Version 17
VisualStudioVersion = 17.8.34316.72
MinimumVisualStudioVersion = 10.0.40219.1
Project("{FAE04EC0-301F-11D3-BF4B-00C04F79EFBC}") = "SqLiteSample.Data", "SqLiteSample.Data\SqLiteSample.Data.csproj", "{282C7FFA-DA87-43ED-A509-8D7CE50C98F0}"
EndProject
Project("{FAE04EC0-301F-11D3-BF4B-00C04F79EFBC}") = "SqLiteSample.Api", "SqLiteSample.Api\SqLiteSample.Api.csproj", "{7E83BD92-1E46-4FCD-BF9D-5DDB34234CDD}"
EndProject
Global
	GlobalSection(SolutionConfigurationPlatforms) = preSolution
		Debug|Any CPU = Debug|Any CPU
		Release|Any CPU = Release|Any CPU
	EndGlobalSection
	GlobalSection(ProjectConfigurationPlatforms) = postSolution
		{282C7FFA-DA87-43ED-A509-8D7CE50C98F0}.Debug|Any CPU.ActiveCfg = Debug|Any CPU
		{282C7FFA-DA87-43ED-A509-8D7CE50C98F0}.Debug|Any CPU.Build.0 = Debug|Any CPU
		{282C7FFA-DA87-43ED-A509-8D7CE50C98F0}.Release|Any CPU.ActiveCfg = Release|Any CPU
		{282C7FFA-DA87-43ED-A509-8D7CE50C98F0}.Release|Any CPU.Build.0 = Release|Any CPU
		{7E83BD92-1E46-4FCD-BF9D-5DDB34234CDD}.Debug|Any CPU.ActiveCfg = Debug|Any CPU
		{7E83BD92-1E46-4FCD-BF9D-5DDB34234CDD}.Debug|Any CPU.Build.0 = Debug|Any CPU
		{7E83BD92-1E46-4FCD-BF9D-5DDB34234CDD}.Release|Any CPU.ActiveCfg = Release|Any CPU
		{7E83BD92-1E46-4FCD-BF9D-5DDB34234CDD}.Release|Any CPU.Build.0 = Release|Any CPU
	EndGlobalSection
	GlobalSection(SolutionProperties) = preSolution
		HideSolutionNode = FALSE
	EndGlobalSection
	GlobalSection(ExtensibilityGlobals) = postSolution
		SolutionGuid = {E3DA0FF3-A947-4F20-83F3-0A63C4934F47}
	EndGlobalSection
EndGlobal
